
Microsoft Visual Studio Solution File, Format Version 12.00
# Visual Studio 14
VisualStudioVersion = 14.0.23107.0
MinimumVisualStudioVersion = 10.0.40219.1
Project("{8BC9CEB8-8B4A-11D0-8D11-00A0C91BC942}") = "variables", "variables\variables.vcxproj", "{A13D173D-86CA-44F0-AC50-FEE71230CAA5}"
EndProject
Project("{8BC9CEB8-8B4A-11D0-8D11-00A0C91BC942}") = "swaper", "swaper\swaper.vcxproj", "{A0666720-9524-4768-9502-BBC0C9FFB7EA}"
EndProject
Project("{8BC9CEB8-8B4A-11D0-8D11-00A0C91BC942}") = "average", "average\average.vcxproj", "{573C4B0B-34C0-4CB8-8BFB-85876942BF33}"
EndProject
Project("{8BC9CEB8-8B4A-11D0-8D11-00A0C91BC942}") = "alphabet", "alphabet\alphabet.vcxproj", "{5D997776-A5AB-48D9-8322-00C77D763ADB}"
EndProject
Project("{8BC9CEB8-8B4A-11D0-8D11-00A0C91BC942}") = "conditionz", "number 1\number 1.vcxproj", "{EDDC539A-9A79-40C9-9ACD-7AE99BF4B9A6}"
EndProject
Project("{8BC9CEB8-8B4A-11D0-8D11-00A0C91BC942}") = "condition3", "condition3\condition3.vcxproj", "{794AC383-0543-4E93-A9AB-A14E03C05706}"
EndProject
Project("{8BC9CEB8-8B4A-11D0-8D11-00A0C91BC942}") = "matho", "matho\matho.vcxproj", "{BDB6A676-2545-422D-8585-73844C4A447A}"
EndProject
Project("{8BC9CEB8-8B4A-11D0-8D11-00A0C91BC942}") = "calander", "calander\calander.vcxproj", "{8EA90312-C7B0-408E-ACC9-3358754161F0}"
EndProject
Project("{8BC9CEB8-8B4A-11D0-8D11-00A0C91BC942}") = "Loop1", "Loop1\Loop1.vcxproj", "{2C1F65F6-B9B8-4BC8-8390-6F203D6D0C9C}"
EndProject
Project("{8BC9CEB8-8B4A-11D0-8D11-00A0C91BC942}") = "Loop2", "Loop2\Loop2.vcxproj", "{2C4270FF-F69A-4962-9F93-79196AFFD246}"
EndProject
Project("{8BC9CEB8-8B4A-11D0-8D11-00A0C91BC942}") = "Loop3", "Loop3\Loop3.vcxproj", "{0E25ED66-D7A5-4D18-9A02-7A0368891B52}"
EndProject
Project("{8BC9CEB8-8B4A-11D0-8D11-00A0C91BC942}") = "Notes", "Notes\Notes.vcxproj", "{513F4066-BB55-432C-903F-8E790D0CD483}"
EndProject
Project("{8BC9CEB8-8B4A-11D0-8D11-00A0C91BC942}") = "array 1", "storeage\storeage.vcxproj", "{E037CBDB-6DC3-4D25-8964-D398EF426A64}"
EndProject
Project("{8BC9CEB8-8B4A-11D0-8D11-00A0C91BC942}") = "array 2", "array 2\array 2.vcxproj", "{3218FF09-93FB-40FB-9707-AF066A436DAD}"
EndProject
Project("{8BC9CEB8-8B4A-11D0-8D11-00A0C91BC942}") = "attack", "attack\attack.vcxproj", "{C747A494-AFE2-41EC-B81C-B98C01CACB13}"
EndProject
Project("{8BC9CEB8-8B4A-11D0-8D11-00A0C91BC942}") = "array6", "array6\array6.vcxproj", "{FA47C835-7AE1-4C6A-8DAF-9C7041E10B86}"
EndProject
Project("{8BC9CEB8-8B4A-11D0-8D11-00A0C91BC942}") = "EvensAndOdds", "EvensAndOdds\EvensAndOdds.vcxproj", "{5A984FC3-B4AF-4C78-A500-0AE43ABE95C9}"
EndProject
Project("{8BC9CEB8-8B4A-11D0-8D11-00A0C91BC942}") = "collatz", "collatz\collatz.vcxproj", "{9677B9AF-8AC6-4233-BF32-9C35854FCCB7}"
EndProject
Project("{8BC9CEB8-8B4A-11D0-8D11-00A0C91BC942}") = "functions", "functions\functions.vcxproj", "{821BE78E-78C2-4536-8EFD-F18372E704FE}"
EndProject
Project("{8BC9CEB8-8B4A-11D0-8D11-00A0C91BC942}") = "functions 1 2 and 3", "functions 1\functions 1.vcxproj", "{074EDE3E-7DC2-4BF4-8C8E-3B8C7FACD195}"
EndProject
Project("{8BC9CEB8-8B4A-11D0-8D11-00A0C91BC942}") = "Function 4", "Function 3\Function 3.vcxproj", "{A0AF005B-F3BA-4D5A-9685-4F2FD33DF604}"
EndProject
Project("{8BC9CEB8-8B4A-11D0-8D11-00A0C91BC942}") = "function 5", "function 5\function 5.vcxproj", "{25921317-A20D-491F-8E9C-B14B67DD58CC}"
EndProject
Project("{8BC9CEB8-8B4A-11D0-8D11-00A0C91BC942}") = "function 17", "function 17\function 17.vcxproj", "{96902F78-9A3B-4573-B421-E1813166CD19}"
EndProject
Project("{8BC9CEB8-8B4A-11D0-8D11-00A0C91BC942}") = "player", "player\player.vcxproj", "{EB3C4629-9E5B-4CDB-B84E-CCF01CA57DA4}"
EndProject
Project("{8BC9CEB8-8B4A-11D0-8D11-00A0C91BC942}") = "Pointers", "Pointers\Pointers.vcxproj", "{7B27CA39-DD80-4906-9F72-08326FB48165}"
EndProject
Project("{8BC9CEB8-8B4A-11D0-8D11-00A0C91BC942}") = "pointExercise", "pointExercise\pointExercise.vcxproj", "{9617D5E7-6901-41D9-ABF5-7215012CEB83}"
EndProject
Project("{8BC9CEB8-8B4A-11D0-8D11-00A0C91BC942}") = "create a dino", "create a dino\create a dino.vcxproj", "{18466D03-E029-45E1-A771-AA408B4D65EB}"
EndProject
Project("{8BC9CEB8-8B4A-11D0-8D11-00A0C91BC942}") = "combat exper", "combat exper\combat exper.vcxproj", "{D45D2B5D-1810-4BDE-BC2D-2BF8E062860B}"
EndProject
Global
	GlobalSection(SolutionConfigurationPlatforms) = preSolution
		Debug|x64 = Debug|x64
		Debug|x86 = Debug|x86
		Release|x64 = Release|x64
		Release|x86 = Release|x86
	EndGlobalSection
	GlobalSection(ProjectConfigurationPlatforms) = postSolution
		{A13D173D-86CA-44F0-AC50-FEE71230CAA5}.Debug|x64.ActiveCfg = Debug|x64
		{A13D173D-86CA-44F0-AC50-FEE71230CAA5}.Debug|x64.Build.0 = Debug|x64
		{A13D173D-86CA-44F0-AC50-FEE71230CAA5}.Debug|x86.ActiveCfg = Debug|Win32
		{A13D173D-86CA-44F0-AC50-FEE71230CAA5}.Debug|x86.Build.0 = Debug|Win32
		{A13D173D-86CA-44F0-AC50-FEE71230CAA5}.Release|x64.ActiveCfg = Release|x64
		{A13D173D-86CA-44F0-AC50-FEE71230CAA5}.Release|x64.Build.0 = Release|x64
		{A13D173D-86CA-44F0-AC50-FEE71230CAA5}.Release|x86.ActiveCfg = Release|Win32
		{A13D173D-86CA-44F0-AC50-FEE71230CAA5}.Release|x86.Build.0 = Release|Win32
		{A0666720-9524-4768-9502-BBC0C9FFB7EA}.Debug|x64.ActiveCfg = Debug|x64
		{A0666720-9524-4768-9502-BBC0C9FFB7EA}.Debug|x64.Build.0 = Debug|x64
		{A0666720-9524-4768-9502-BBC0C9FFB7EA}.Debug|x86.ActiveCfg = Debug|Win32
		{A0666720-9524-4768-9502-BBC0C9FFB7EA}.Debug|x86.Build.0 = Debug|Win32
		{A0666720-9524-4768-9502-BBC0C9FFB7EA}.Release|x64.ActiveCfg = Release|x64
		{A0666720-9524-4768-9502-BBC0C9FFB7EA}.Release|x64.Build.0 = Release|x64
		{A0666720-9524-4768-9502-BBC0C9FFB7EA}.Release|x86.ActiveCfg = Release|Win32
		{A0666720-9524-4768-9502-BBC0C9FFB7EA}.Release|x86.Build.0 = Release|Win32
		{573C4B0B-34C0-4CB8-8BFB-85876942BF33}.Debug|x64.ActiveCfg = Debug|x64
		{573C4B0B-34C0-4CB8-8BFB-85876942BF33}.Debug|x64.Build.0 = Debug|x64
		{573C4B0B-34C0-4CB8-8BFB-85876942BF33}.Debug|x86.ActiveCfg = Debug|Win32
		{573C4B0B-34C0-4CB8-8BFB-85876942BF33}.Debug|x86.Build.0 = Debug|Win32
		{573C4B0B-34C0-4CB8-8BFB-85876942BF33}.Release|x64.ActiveCfg = Release|x64
		{573C4B0B-34C0-4CB8-8BFB-85876942BF33}.Release|x64.Build.0 = Release|x64
		{573C4B0B-34C0-4CB8-8BFB-85876942BF33}.Release|x86.ActiveCfg = Release|Win32
		{573C4B0B-34C0-4CB8-8BFB-85876942BF33}.Release|x86.Build.0 = Release|Win32
		{5D997776-A5AB-48D9-8322-00C77D763ADB}.Debug|x64.ActiveCfg = Debug|x64
		{5D997776-A5AB-48D9-8322-00C77D763ADB}.Debug|x64.Build.0 = Debug|x64
		{5D997776-A5AB-48D9-8322-00C77D763ADB}.Debug|x86.ActiveCfg = Debug|Win32
		{5D997776-A5AB-48D9-8322-00C77D763ADB}.Debug|x86.Build.0 = Debug|Win32
		{5D997776-A5AB-48D9-8322-00C77D763ADB}.Release|x64.ActiveCfg = Release|x64
		{5D997776-A5AB-48D9-8322-00C77D763ADB}.Release|x64.Build.0 = Release|x64
		{5D997776-A5AB-48D9-8322-00C77D763ADB}.Release|x86.ActiveCfg = Release|Win32
		{5D997776-A5AB-48D9-8322-00C77D763ADB}.Release|x86.Build.0 = Release|Win32
		{EDDC539A-9A79-40C9-9ACD-7AE99BF4B9A6}.Debug|x64.ActiveCfg = Debug|x64
		{EDDC539A-9A79-40C9-9ACD-7AE99BF4B9A6}.Debug|x64.Build.0 = Debug|x64
		{EDDC539A-9A79-40C9-9ACD-7AE99BF4B9A6}.Debug|x86.ActiveCfg = Debug|Win32
		{EDDC539A-9A79-40C9-9ACD-7AE99BF4B9A6}.Debug|x86.Build.0 = Debug|Win32
		{EDDC539A-9A79-40C9-9ACD-7AE99BF4B9A6}.Release|x64.ActiveCfg = Release|x64
		{EDDC539A-9A79-40C9-9ACD-7AE99BF4B9A6}.Release|x64.Build.0 = Release|x64
		{EDDC539A-9A79-40C9-9ACD-7AE99BF4B9A6}.Release|x86.ActiveCfg = Release|Win32
		{EDDC539A-9A79-40C9-9ACD-7AE99BF4B9A6}.Release|x86.Build.0 = Release|Win32
		{794AC383-0543-4E93-A9AB-A14E03C05706}.Debug|x64.ActiveCfg = Debug|x64
		{794AC383-0543-4E93-A9AB-A14E03C05706}.Debug|x64.Build.0 = Debug|x64
		{794AC383-0543-4E93-A9AB-A14E03C05706}.Debug|x86.ActiveCfg = Debug|Win32
		{794AC383-0543-4E93-A9AB-A14E03C05706}.Debug|x86.Build.0 = Debug|Win32
		{794AC383-0543-4E93-A9AB-A14E03C05706}.Release|x64.ActiveCfg = Release|x64
		{794AC383-0543-4E93-A9AB-A14E03C05706}.Release|x64.Build.0 = Release|x64
		{794AC383-0543-4E93-A9AB-A14E03C05706}.Release|x86.ActiveCfg = Release|Win32
		{794AC383-0543-4E93-A9AB-A14E03C05706}.Release|x86.Build.0 = Release|Win32
		{BDB6A676-2545-422D-8585-73844C4A447A}.Debug|x64.ActiveCfg = Debug|x64
		{BDB6A676-2545-422D-8585-73844C4A447A}.Debug|x64.Build.0 = Debug|x64
		{BDB6A676-2545-422D-8585-73844C4A447A}.Debug|x86.ActiveCfg = Debug|Win32
		{BDB6A676-2545-422D-8585-73844C4A447A}.Debug|x86.Build.0 = Debug|Win32
		{BDB6A676-2545-422D-8585-73844C4A447A}.Release|x64.ActiveCfg = Release|x64
		{BDB6A676-2545-422D-8585-73844C4A447A}.Release|x64.Build.0 = Release|x64
		{BDB6A676-2545-422D-8585-73844C4A447A}.Release|x86.ActiveCfg = Release|Win32
		{BDB6A676-2545-422D-8585-73844C4A447A}.Release|x86.Build.0 = Release|Win32
		{8EA90312-C7B0-408E-ACC9-3358754161F0}.Debug|x64.ActiveCfg = Debug|x64
		{8EA90312-C7B0-408E-ACC9-3358754161F0}.Debug|x64.Build.0 = Debug|x64
		{8EA90312-C7B0-408E-ACC9-3358754161F0}.Debug|x86.ActiveCfg = Debug|Win32
		{8EA90312-C7B0-408E-ACC9-3358754161F0}.Debug|x86.Build.0 = Debug|Win32
		{8EA90312-C7B0-408E-ACC9-3358754161F0}.Release|x64.ActiveCfg = Release|x64
		{8EA90312-C7B0-408E-ACC9-3358754161F0}.Release|x64.Build.0 = Release|x64
		{8EA90312-C7B0-408E-ACC9-3358754161F0}.Release|x86.ActiveCfg = Release|Win32
		{8EA90312-C7B0-408E-ACC9-3358754161F0}.Release|x86.Build.0 = Release|Win32
		{2C1F65F6-B9B8-4BC8-8390-6F203D6D0C9C}.Debug|x64.ActiveCfg = Debug|x64
		{2C1F65F6-B9B8-4BC8-8390-6F203D6D0C9C}.Debug|x64.Build.0 = Debug|x64
		{2C1F65F6-B9B8-4BC8-8390-6F203D6D0C9C}.Debug|x86.ActiveCfg = Debug|Win32
		{2C1F65F6-B9B8-4BC8-8390-6F203D6D0C9C}.Debug|x86.Build.0 = Debug|Win32
		{2C1F65F6-B9B8-4BC8-8390-6F203D6D0C9C}.Release|x64.ActiveCfg = Release|x64
		{2C1F65F6-B9B8-4BC8-8390-6F203D6D0C9C}.Release|x64.Build.0 = Release|x64
		{2C1F65F6-B9B8-4BC8-8390-6F203D6D0C9C}.Release|x86.ActiveCfg = Release|Win32
		{2C1F65F6-B9B8-4BC8-8390-6F203D6D0C9C}.Release|x86.Build.0 = Release|Win32
		{2C4270FF-F69A-4962-9F93-79196AFFD246}.Debug|x64.ActiveCfg = Debug|x64
		{2C4270FF-F69A-4962-9F93-79196AFFD246}.Debug|x64.Build.0 = Debug|x64
		{2C4270FF-F69A-4962-9F93-79196AFFD246}.Debug|x86.ActiveCfg = Debug|Win32
		{2C4270FF-F69A-4962-9F93-79196AFFD246}.Debug|x86.Build.0 = Debug|Win32
		{2C4270FF-F69A-4962-9F93-79196AFFD246}.Release|x64.ActiveCfg = Release|x64
		{2C4270FF-F69A-4962-9F93-79196AFFD246}.Release|x64.Build.0 = Release|x64
		{2C4270FF-F69A-4962-9F93-79196AFFD246}.Release|x86.ActiveCfg = Release|Win32
		{2C4270FF-F69A-4962-9F93-79196AFFD246}.Release|x86.Build.0 = Release|Win32
		{0E25ED66-D7A5-4D18-9A02-7A0368891B52}.Debug|x64.ActiveCfg = Debug|x64
		{0E25ED66-D7A5-4D18-9A02-7A0368891B52}.Debug|x64.Build.0 = Debug|x64
		{0E25ED66-D7A5-4D18-9A02-7A0368891B52}.Debug|x86.ActiveCfg = Debug|Win32
		{0E25ED66-D7A5-4D18-9A02-7A0368891B52}.Debug|x86.Build.0 = Debug|Win32
		{0E25ED66-D7A5-4D18-9A02-7A0368891B52}.Release|x64.ActiveCfg = Release|x64
		{0E25ED66-D7A5-4D18-9A02-7A0368891B52}.Release|x64.Build.0 = Release|x64
		{0E25ED66-D7A5-4D18-9A02-7A0368891B52}.Release|x86.ActiveCfg = Release|Win32
		{0E25ED66-D7A5-4D18-9A02-7A0368891B52}.Release|x86.Build.0 = Release|Win32
		{513F4066-BB55-432C-903F-8E790D0CD483}.Debug|x64.ActiveCfg = Debug|x64
		{513F4066-BB55-432C-903F-8E790D0CD483}.Debug|x64.Build.0 = Debug|x64
		{513F4066-BB55-432C-903F-8E790D0CD483}.Debug|x86.ActiveCfg = Debug|Win32
		{513F4066-BB55-432C-903F-8E790D0CD483}.Debug|x86.Build.0 = Debug|Win32
		{513F4066-BB55-432C-903F-8E790D0CD483}.Release|x64.ActiveCfg = Release|x64
		{513F4066-BB55-432C-903F-8E790D0CD483}.Release|x64.Build.0 = Release|x64
		{513F4066-BB55-432C-903F-8E790D0CD483}.Release|x86.ActiveCfg = Release|Win32
		{513F4066-BB55-432C-903F-8E790D0CD483}.Release|x86.Build.0 = Release|Win32
		{E037CBDB-6DC3-4D25-8964-D398EF426A64}.Debug|x64.ActiveCfg = Debug|x64
		{E037CBDB-6DC3-4D25-8964-D398EF426A64}.Debug|x64.Build.0 = Debug|x64
		{E037CBDB-6DC3-4D25-8964-D398EF426A64}.Debug|x86.ActiveCfg = Debug|Win32
		{E037CBDB-6DC3-4D25-8964-D398EF426A64}.Debug|x86.Build.0 = Debug|Win32
		{E037CBDB-6DC3-4D25-8964-D398EF426A64}.Release|x64.ActiveCfg = Release|x64
		{E037CBDB-6DC3-4D25-8964-D398EF426A64}.Release|x64.Build.0 = Release|x64
		{E037CBDB-6DC3-4D25-8964-D398EF426A64}.Release|x86.ActiveCfg = Release|Win32
		{E037CBDB-6DC3-4D25-8964-D398EF426A64}.Release|x86.Build.0 = Release|Win32
		{3218FF09-93FB-40FB-9707-AF066A436DAD}.Debug|x64.ActiveCfg = Debug|x64
		{3218FF09-93FB-40FB-9707-AF066A436DAD}.Debug|x64.Build.0 = Debug|x64
		{3218FF09-93FB-40FB-9707-AF066A436DAD}.Debug|x86.ActiveCfg = Debug|Win32
		{3218FF09-93FB-40FB-9707-AF066A436DAD}.Debug|x86.Build.0 = Debug|Win32
		{3218FF09-93FB-40FB-9707-AF066A436DAD}.Release|x64.ActiveCfg = Release|x64
		{3218FF09-93FB-40FB-9707-AF066A436DAD}.Release|x64.Build.0 = Release|x64
		{3218FF09-93FB-40FB-9707-AF066A436DAD}.Release|x86.ActiveCfg = Release|Win32
		{3218FF09-93FB-40FB-9707-AF066A436DAD}.Release|x86.Build.0 = Release|Win32
		{C747A494-AFE2-41EC-B81C-B98C01CACB13}.Debug|x64.ActiveCfg = Debug|x64
		{C747A494-AFE2-41EC-B81C-B98C01CACB13}.Debug|x64.Build.0 = Debug|x64
		{C747A494-AFE2-41EC-B81C-B98C01CACB13}.Debug|x86.ActiveCfg = Debug|Win32
		{C747A494-AFE2-41EC-B81C-B98C01CACB13}.Debug|x86.Build.0 = Debug|Win32
		{C747A494-AFE2-41EC-B81C-B98C01CACB13}.Release|x64.ActiveCfg = Release|x64
		{C747A494-AFE2-41EC-B81C-B98C01CACB13}.Release|x64.Build.0 = Release|x64
		{C747A494-AFE2-41EC-B81C-B98C01CACB13}.Release|x86.ActiveCfg = Release|Win32
		{C747A494-AFE2-41EC-B81C-B98C01CACB13}.Release|x86.Build.0 = Release|Win32
		{FA47C835-7AE1-4C6A-8DAF-9C7041E10B86}.Debug|x64.ActiveCfg = Debug|x64
		{FA47C835-7AE1-4C6A-8DAF-9C7041E10B86}.Debug|x64.Build.0 = Debug|x64
		{FA47C835-7AE1-4C6A-8DAF-9C7041E10B86}.Debug|x86.ActiveCfg = Debug|Win32
		{FA47C835-7AE1-4C6A-8DAF-9C7041E10B86}.Debug|x86.Build.0 = Debug|Win32
		{FA47C835-7AE1-4C6A-8DAF-9C7041E10B86}.Release|x64.ActiveCfg = Release|x64
		{FA47C835-7AE1-4C6A-8DAF-9C7041E10B86}.Release|x64.Build.0 = Release|x64
		{FA47C835-7AE1-4C6A-8DAF-9C7041E10B86}.Release|x86.ActiveCfg = Release|Win32
		{FA47C835-7AE1-4C6A-8DAF-9C7041E10B86}.Release|x86.Build.0 = Release|Win32
		{5A984FC3-B4AF-4C78-A500-0AE43ABE95C9}.Debug|x64.ActiveCfg = Debug|x64
		{5A984FC3-B4AF-4C78-A500-0AE43ABE95C9}.Debug|x64.Build.0 = Debug|x64
		{5A984FC3-B4AF-4C78-A500-0AE43ABE95C9}.Debug|x86.ActiveCfg = Debug|Win32
		{5A984FC3-B4AF-4C78-A500-0AE43ABE95C9}.Debug|x86.Build.0 = Debug|Win32
		{5A984FC3-B4AF-4C78-A500-0AE43ABE95C9}.Release|x64.ActiveCfg = Release|x64
		{5A984FC3-B4AF-4C78-A500-0AE43ABE95C9}.Release|x64.Build.0 = Release|x64
		{5A984FC3-B4AF-4C78-A500-0AE43ABE95C9}.Release|x86.ActiveCfg = Release|Win32
		{5A984FC3-B4AF-4C78-A500-0AE43ABE95C9}.Release|x86.Build.0 = Release|Win32
		{9677B9AF-8AC6-4233-BF32-9C35854FCCB7}.Debug|x64.ActiveCfg = Debug|x64
		{9677B9AF-8AC6-4233-BF32-9C35854FCCB7}.Debug|x64.Build.0 = Debug|x64
		{9677B9AF-8AC6-4233-BF32-9C35854FCCB7}.Debug|x86.ActiveCfg = Debug|Win32
		{9677B9AF-8AC6-4233-BF32-9C35854FCCB7}.Debug|x86.Build.0 = Debug|Win32
		{9677B9AF-8AC6-4233-BF32-9C35854FCCB7}.Release|x64.ActiveCfg = Release|x64
		{9677B9AF-8AC6-4233-BF32-9C35854FCCB7}.Release|x64.Build.0 = Release|x64
		{9677B9AF-8AC6-4233-BF32-9C35854FCCB7}.Release|x86.ActiveCfg = Release|Win32
		{9677B9AF-8AC6-4233-BF32-9C35854FCCB7}.Release|x86.Build.0 = Release|Win32
		{821BE78E-78C2-4536-8EFD-F18372E704FE}.Debug|x64.ActiveCfg = Debug|x64
		{821BE78E-78C2-4536-8EFD-F18372E704FE}.Debug|x64.Build.0 = Debug|x64
		{821BE78E-78C2-4536-8EFD-F18372E704FE}.Debug|x86.ActiveCfg = Debug|Win32
		{821BE78E-78C2-4536-8EFD-F18372E704FE}.Debug|x86.Build.0 = Debug|Win32
		{821BE78E-78C2-4536-8EFD-F18372E704FE}.Release|x64.ActiveCfg = Release|x64
		{821BE78E-78C2-4536-8EFD-F18372E704FE}.Release|x64.Build.0 = Release|x64
		{821BE78E-78C2-4536-8EFD-F18372E704FE}.Release|x86.ActiveCfg = Release|Win32
		{821BE78E-78C2-4536-8EFD-F18372E704FE}.Release|x86.Build.0 = Release|Win32
		{074EDE3E-7DC2-4BF4-8C8E-3B8C7FACD195}.Debug|x64.ActiveCfg = Debug|x64
		{074EDE3E-7DC2-4BF4-8C8E-3B8C7FACD195}.Debug|x64.Build.0 = Debug|x64
		{074EDE3E-7DC2-4BF4-8C8E-3B8C7FACD195}.Debug|x86.ActiveCfg = Debug|Win32
		{074EDE3E-7DC2-4BF4-8C8E-3B8C7FACD195}.Debug|x86.Build.0 = Debug|Win32
		{074EDE3E-7DC2-4BF4-8C8E-3B8C7FACD195}.Release|x64.ActiveCfg = Release|x64
		{074EDE3E-7DC2-4BF4-8C8E-3B8C7FACD195}.Release|x64.Build.0 = Release|x64
		{074EDE3E-7DC2-4BF4-8C8E-3B8C7FACD195}.Release|x86.ActiveCfg = Release|Win32
		{074EDE3E-7DC2-4BF4-8C8E-3B8C7FACD195}.Release|x86.Build.0 = Release|Win32
		{A0AF005B-F3BA-4D5A-9685-4F2FD33DF604}.Debug|x64.ActiveCfg = Debug|x64
		{A0AF005B-F3BA-4D5A-9685-4F2FD33DF604}.Debug|x64.Build.0 = Debug|x64
		{A0AF005B-F3BA-4D5A-9685-4F2FD33DF604}.Debug|x86.ActiveCfg = Debug|Win32
		{A0AF005B-F3BA-4D5A-9685-4F2FD33DF604}.Debug|x86.Build.0 = Debug|Win32
		{A0AF005B-F3BA-4D5A-9685-4F2FD33DF604}.Release|x64.ActiveCfg = Release|x64
		{A0AF005B-F3BA-4D5A-9685-4F2FD33DF604}.Release|x64.Build.0 = Release|x64
		{A0AF005B-F3BA-4D5A-9685-4F2FD33DF604}.Release|x86.ActiveCfg = Release|Win32
		{A0AF005B-F3BA-4D5A-9685-4F2FD33DF604}.Release|x86.Build.0 = Release|Win32
		{25921317-A20D-491F-8E9C-B14B67DD58CC}.Debug|x64.ActiveCfg = Debug|x64
		{25921317-A20D-491F-8E9C-B14B67DD58CC}.Debug|x64.Build.0 = Debug|x64
		{25921317-A20D-491F-8E9C-B14B67DD58CC}.Debug|x86.ActiveCfg = Debug|Win32
		{25921317-A20D-491F-8E9C-B14B67DD58CC}.Debug|x86.Build.0 = Debug|Win32
		{25921317-A20D-491F-8E9C-B14B67DD58CC}.Release|x64.ActiveCfg = Release|x64
		{25921317-A20D-491F-8E9C-B14B67DD58CC}.Release|x64.Build.0 = Release|x64
		{25921317-A20D-491F-8E9C-B14B67DD58CC}.Release|x86.ActiveCfg = Release|Win32
		{25921317-A20D-491F-8E9C-B14B67DD58CC}.Release|x86.Build.0 = Release|Win32
		{96902F78-9A3B-4573-B421-E1813166CD19}.Debug|x64.ActiveCfg = Debug|x64
		{96902F78-9A3B-4573-B421-E1813166CD19}.Debug|x64.Build.0 = Debug|x64
		{96902F78-9A3B-4573-B421-E1813166CD19}.Debug|x86.ActiveCfg = Debug|Win32
		{96902F78-9A3B-4573-B421-E1813166CD19}.Debug|x86.Build.0 = Debug|Win32
		{96902F78-9A3B-4573-B421-E1813166CD19}.Release|x64.ActiveCfg = Release|x64
		{96902F78-9A3B-4573-B421-E1813166CD19}.Release|x64.Build.0 = Release|x64
		{96902F78-9A3B-4573-B421-E1813166CD19}.Release|x86.ActiveCfg = Release|Win32
		{96902F78-9A3B-4573-B421-E1813166CD19}.Release|x86.Build.0 = Release|Win32
		{EB3C4629-9E5B-4CDB-B84E-CCF01CA57DA4}.Debug|x64.ActiveCfg = Debug|x64
		{EB3C4629-9E5B-4CDB-B84E-CCF01CA57DA4}.Debug|x64.Build.0 = Debug|x64
		{EB3C4629-9E5B-4CDB-B84E-CCF01CA57DA4}.Debug|x86.ActiveCfg = Debug|Win32
		{EB3C4629-9E5B-4CDB-B84E-CCF01CA57DA4}.Debug|x86.Build.0 = Debug|Win32
		{EB3C4629-9E5B-4CDB-B84E-CCF01CA57DA4}.Release|x64.ActiveCfg = Release|x64
		{EB3C4629-9E5B-4CDB-B84E-CCF01CA57DA4}.Release|x64.Build.0 = Release|x64
		{EB3C4629-9E5B-4CDB-B84E-CCF01CA57DA4}.Release|x86.ActiveCfg = Release|Win32
		{EB3C4629-9E5B-4CDB-B84E-CCF01CA57DA4}.Release|x86.Build.0 = Release|Win32
		{7B27CA39-DD80-4906-9F72-08326FB48165}.Debug|x64.ActiveCfg = Debug|x64
		{7B27CA39-DD80-4906-9F72-08326FB48165}.Debug|x64.Build.0 = Debug|x64
		{7B27CA39-DD80-4906-9F72-08326FB48165}.Debug|x86.ActiveCfg = Debug|Win32
		{7B27CA39-DD80-4906-9F72-08326FB48165}.Debug|x86.Build.0 = Debug|Win32
		{7B27CA39-DD80-4906-9F72-08326FB48165}.Release|x64.ActiveCfg = Release|x64
		{7B27CA39-DD80-4906-9F72-08326FB48165}.Release|x64.Build.0 = Release|x64
		{7B27CA39-DD80-4906-9F72-08326FB48165}.Release|x86.ActiveCfg = Release|Win32
		{7B27CA39-DD80-4906-9F72-08326FB48165}.Release|x86.Build.0 = Release|Win32
		{9617D5E7-6901-41D9-ABF5-7215012CEB83}.Debug|x64.ActiveCfg = Debug|x64
		{9617D5E7-6901-41D9-ABF5-7215012CEB83}.Debug|x64.Build.0 = Debug|x64
		{9617D5E7-6901-41D9-ABF5-7215012CEB83}.Debug|x86.ActiveCfg = Debug|Win32
		{9617D5E7-6901-41D9-ABF5-7215012CEB83}.Debug|x86.Build.0 = Debug|Win32
		{9617D5E7-6901-41D9-ABF5-7215012CEB83}.Release|x64.ActiveCfg = Release|x64
		{9617D5E7-6901-41D9-ABF5-7215012CEB83}.Release|x64.Build.0 = Release|x64
		{9617D5E7-6901-41D9-ABF5-7215012CEB83}.Release|x86.ActiveCfg = Release|Win32
		{9617D5E7-6901-41D9-ABF5-7215012CEB83}.Release|x86.Build.0 = Release|Win32
		{18466D03-E029-45E1-A771-AA408B4D65EB}.Debug|x64.ActiveCfg = Debug|x64
		{18466D03-E029-45E1-A771-AA408B4D65EB}.Debug|x64.Build.0 = Debug|x64
		{18466D03-E029-45E1-A771-AA408B4D65EB}.Debug|x86.ActiveCfg = Debug|Win32
		{18466D03-E029-45E1-A771-AA408B4D65EB}.Debug|x86.Build.0 = Debug|Win32
		{18466D03-E029-45E1-A771-AA408B4D65EB}.Release|x64.ActiveCfg = Release|x64
		{18466D03-E029-45E1-A771-AA408B4D65EB}.Release|x64.Build.0 = Release|x64
		{18466D03-E029-45E1-A771-AA408B4D65EB}.Release|x86.ActiveCfg = Release|Win32
		{18466D03-E029-45E1-A771-AA408B4D65EB}.Release|x86.Build.0 = Release|Win32
		{D45D2B5D-1810-4BDE-BC2D-2BF8E062860B}.Debug|x64.ActiveCfg = Debug|x64
		{D45D2B5D-1810-4BDE-BC2D-2BF8E062860B}.Debug|x64.Build.0 = Debug|x64
		{D45D2B5D-1810-4BDE-BC2D-2BF8E062860B}.Debug|x86.ActiveCfg = Debug|Win32
		{D45D2B5D-1810-4BDE-BC2D-2BF8E062860B}.Debug|x86.Build.0 = Debug|Win32
		{D45D2B5D-1810-4BDE-BC2D-2BF8E062860B}.Release|x64.ActiveCfg = Release|x64
		{D45D2B5D-1810-4BDE-BC2D-2BF8E062860B}.Release|x64.Build.0 = Release|x64
		{D45D2B5D-1810-4BDE-BC2D-2BF8E062860B}.Release|x86.ActiveCfg = Release|Win32
		{D45D2B5D-1810-4BDE-BC2D-2BF8E062860B}.Release|x86.Build.0 = Release|Win32
	EndGlobalSection
	GlobalSection(SolutionProperties) = preSolution
		HideSolutionNode = FALSE
	EndGlobalSection
EndGlobal
