
Microsoft Visual Studio Solution File, Format Version 12.00
# Visual Studio 14
VisualStudioVersion = 14.0.25420.1
MinimumVisualStudioVersion = 10.0.40219.1
Project("{8BC9CEB8-8B4A-11D0-8D11-00A0C91BC942}") = "variables", "variables\variables.vcxproj", "{A13D173D-86CA-44F0-AC50-FEE71230CAA5}"
EndProject
Project("{8BC9CEB8-8B4A-11D0-8D11-00A0C91BC942}") = "swaper", "swaper\swaper.vcxproj", "{A0666720-9524-4768-9502-BBC0C9FFB7EA}"
EndProject
Project("{8BC9CEB8-8B4A-11D0-8D11-00A0C91BC942}") = "average", "average\average.vcxproj", "{573C4B0B-34C0-4CB8-8BFB-85876942BF33}"
EndProject
Project("{8BC9CEB8-8B4A-11D0-8D11-00A0C91BC942}") = "alphabet", "alphabet\alphabet.vcxproj", "{5D997776-A5AB-48D9-8322-00C77D763ADB}"
EndProject
Project("{8BC9CEB8-8B4A-11D0-8D11-00A0C91BC942}") = "condition1,2,4", "number 1\number 1.vcxproj", "{EDDC539A-9A79-40C9-9ACD-7AE99BF4B9A6}"
EndProject
Project("{8BC9CEB8-8B4A-11D0-8D11-00A0C91BC942}") = "condition3", "condition3\condition3.vcxproj", "{794AC383-0543-4E93-A9AB-A14E03C05706}"
EndProject
Project("{8BC9CEB8-8B4A-11D0-8D11-00A0C91BC942}") = "matho", "matho\matho.vcxproj", "{BDB6A676-2545-422D-8585-73844C4A447A}"
EndProject
Project("{8BC9CEB8-8B4A-11D0-8D11-00A0C91BC942}") = "calander", "calander\calander.vcxproj", "{8EA90312-C7B0-408E-ACC9-3358754161F0}"
EndProject
Global
	GlobalSection(SolutionConfigurationPlatforms) = preSolution
		Debug|x64 = Debug|x64
		Debug|x86 = Debug|x86
		Release|x64 = Release|x64
		Release|x86 = Release|x86
	EndGlobalSection
	GlobalSection(ProjectConfigurationPlatforms) = postSolution
		{A13D173D-86CA-44F0-AC50-FEE71230CAA5}.Debug|x64.ActiveCfg = Debug|x64
		{A13D173D-86CA-44F0-AC50-FEE71230CAA5}.Debug|x64.Build.0 = Debug|x64
		{A13D173D-86CA-44F0-AC50-FEE71230CAA5}.Debug|x86.ActiveCfg = Debug|Win32
		{A13D173D-86CA-44F0-AC50-FEE71230CAA5}.Debug|x86.Build.0 = Debug|Win32
		{A13D173D-86CA-44F0-AC50-FEE71230CAA5}.Release|x64.ActiveCfg = Release|x64
		{A13D173D-86CA-44F0-AC50-FEE71230CAA5}.Release|x64.Build.0 = Release|x64
		{A13D173D-86CA-44F0-AC50-FEE71230CAA5}.Release|x86.ActiveCfg = Release|Win32
		{A13D173D-86CA-44F0-AC50-FEE71230CAA5}.Release|x86.Build.0 = Release|Win32
		{A0666720-9524-4768-9502-BBC0C9FFB7EA}.Debug|x64.ActiveCfg = Debug|x64
		{A0666720-9524-4768-9502-BBC0C9FFB7EA}.Debug|x64.Build.0 = Debug|x64
		{A0666720-9524-4768-9502-BBC0C9FFB7EA}.Debug|x86.ActiveCfg = Debug|Win32
		{A0666720-9524-4768-9502-BBC0C9FFB7EA}.Debug|x86.Build.0 = Debug|Win32
		{A0666720-9524-4768-9502-BBC0C9FFB7EA}.Release|x64.ActiveCfg = Release|x64
		{A0666720-9524-4768-9502-BBC0C9FFB7EA}.Release|x64.Build.0 = Release|x64
		{A0666720-9524-4768-9502-BBC0C9FFB7EA}.Release|x86.ActiveCfg = Release|Win32
		{A0666720-9524-4768-9502-BBC0C9FFB7EA}.Release|x86.Build.0 = Release|Win32
		{573C4B0B-34C0-4CB8-8BFB-85876942BF33}.Debug|x64.ActiveCfg = Debug|x64
		{573C4B0B-34C0-4CB8-8BFB-85876942BF33}.Debug|x64.Build.0 = Debug|x64
		{573C4B0B-34C0-4CB8-8BFB-85876942BF33}.Debug|x86.ActiveCfg = Debug|Win32
		{573C4B0B-34C0-4CB8-8BFB-85876942BF33}.Debug|x86.Build.0 = Debug|Win32
		{573C4B0B-34C0-4CB8-8BFB-85876942BF33}.Release|x64.ActiveCfg = Release|x64
		{573C4B0B-34C0-4CB8-8BFB-85876942BF33}.Release|x64.Build.0 = Release|x64
		{573C4B0B-34C0-4CB8-8BFB-85876942BF33}.Release|x86.ActiveCfg = Release|Win32
		{573C4B0B-34C0-4CB8-8BFB-85876942BF33}.Release|x86.Build.0 = Release|Win32
		{5D997776-A5AB-48D9-8322-00C77D763ADB}.Debug|x64.ActiveCfg = Debug|x64
		{5D997776-A5AB-48D9-8322-00C77D763ADB}.Debug|x64.Build.0 = Debug|x64
		{5D997776-A5AB-48D9-8322-00C77D763ADB}.Debug|x86.ActiveCfg = Debug|Win32
		{5D997776-A5AB-48D9-8322-00C77D763ADB}.Debug|x86.Build.0 = Debug|Win32
		{5D997776-A5AB-48D9-8322-00C77D763ADB}.Release|x64.ActiveCfg = Release|x64
		{5D997776-A5AB-48D9-8322-00C77D763ADB}.Release|x64.Build.0 = Release|x64
		{5D997776-A5AB-48D9-8322-00C77D763ADB}.Release|x86.ActiveCfg = Release|Win32
		{5D997776-A5AB-48D9-8322-00C77D763ADB}.Release|x86.Build.0 = Release|Win32
		{EDDC539A-9A79-40C9-9ACD-7AE99BF4B9A6}.Debug|x64.ActiveCfg = Debug|x64
		{EDDC539A-9A79-40C9-9ACD-7AE99BF4B9A6}.Debug|x64.Build.0 = Debug|x64
		{EDDC539A-9A79-40C9-9ACD-7AE99BF4B9A6}.Debug|x86.ActiveCfg = Debug|Win32
		{EDDC539A-9A79-40C9-9ACD-7AE99BF4B9A6}.Debug|x86.Build.0 = Debug|Win32
		{EDDC539A-9A79-40C9-9ACD-7AE99BF4B9A6}.Release|x64.ActiveCfg = Release|x64
		{EDDC539A-9A79-40C9-9ACD-7AE99BF4B9A6}.Release|x64.Build.0 = Release|x64
		{EDDC539A-9A79-40C9-9ACD-7AE99BF4B9A6}.Release|x86.ActiveCfg = Release|Win32
		{EDDC539A-9A79-40C9-9ACD-7AE99BF4B9A6}.Release|x86.Build.0 = Release|Win32
		{794AC383-0543-4E93-A9AB-A14E03C05706}.Debug|x64.ActiveCfg = Debug|x64
		{794AC383-0543-4E93-A9AB-A14E03C05706}.Debug|x64.Build.0 = Debug|x64
		{794AC383-0543-4E93-A9AB-A14E03C05706}.Debug|x86.ActiveCfg = Debug|Win32
		{794AC383-0543-4E93-A9AB-A14E03C05706}.Debug|x86.Build.0 = Debug|Win32
		{794AC383-0543-4E93-A9AB-A14E03C05706}.Release|x64.ActiveCfg = Release|x64
		{794AC383-0543-4E93-A9AB-A14E03C05706}.Release|x64.Build.0 = Release|x64
		{794AC383-0543-4E93-A9AB-A14E03C05706}.Release|x86.ActiveCfg = Release|Win32
		{794AC383-0543-4E93-A9AB-A14E03C05706}.Release|x86.Build.0 = Release|Win32
		{BDB6A676-2545-422D-8585-73844C4A447A}.Debug|x64.ActiveCfg = Debug|x64
		{BDB6A676-2545-422D-8585-73844C4A447A}.Debug|x64.Build.0 = Debug|x64
		{BDB6A676-2545-422D-8585-73844C4A447A}.Debug|x86.ActiveCfg = Debug|Win32
		{BDB6A676-2545-422D-8585-73844C4A447A}.Debug|x86.Build.0 = Debug|Win32
		{BDB6A676-2545-422D-8585-73844C4A447A}.Release|x64.ActiveCfg = Release|x64
		{BDB6A676-2545-422D-8585-73844C4A447A}.Release|x64.Build.0 = Release|x64
		{BDB6A676-2545-422D-8585-73844C4A447A}.Release|x86.ActiveCfg = Release|Win32
		{BDB6A676-2545-422D-8585-73844C4A447A}.Release|x86.Build.0 = Release|Win32
		{8EA90312-C7B0-408E-ACC9-3358754161F0}.Debug|x64.ActiveCfg = Debug|x64
		{8EA90312-C7B0-408E-ACC9-3358754161F0}.Debug|x64.Build.0 = Debug|x64
		{8EA90312-C7B0-408E-ACC9-3358754161F0}.Debug|x86.ActiveCfg = Debug|Win32
		{8EA90312-C7B0-408E-ACC9-3358754161F0}.Debug|x86.Build.0 = Debug|Win32
		{8EA90312-C7B0-408E-ACC9-3358754161F0}.Release|x64.ActiveCfg = Release|x64
		{8EA90312-C7B0-408E-ACC9-3358754161F0}.Release|x64.Build.0 = Release|x64
		{8EA90312-C7B0-408E-ACC9-3358754161F0}.Release|x86.ActiveCfg = Release|Win32
		{8EA90312-C7B0-408E-ACC9-3358754161F0}.Release|x86.Build.0 = Release|Win32
	EndGlobalSection
	GlobalSection(SolutionProperties) = preSolution
		HideSolutionNode = FALSE
	EndGlobalSection
EndGlobal
